
Microsoft Visual Studio Solution File, Format Version 12.00
# Visual Studio Version 17
VisualStudioVersion = 17.12.35707.178 d17.12
MinimumVisualStudioVersion = 10.0.40219.1
Project("{FAE04EC0-301F-11D3-BF4B-00C04F79EFBC}") = "Hesap makinesi", "..\source\repos\Hesap makinesi\Hesap makinesi\Hesap makinesi.csproj", "{7A8BEFFA-75A1-45C3-B3A4-7262B80BB9CA}"
EndProject
Global
	GlobalSection(SolutionConfigurationPlatforms) = preSolution
		Debug|Any CPU = Debug|Any CPU
		Release|Any CPU = Release|Any CPU
	EndGlobalSection
	GlobalSection(ProjectConfigurationPlatforms) = postSolution
		{7A8BEFFA-75A1-45C3-B3A4-7262B80BB9CA}.Debug|Any CPU.ActiveCfg = Debug|Any CPU
		{7A8BEFFA-75A1-45C3-B3A4-7262B80BB9CA}.Debug|Any CPU.Build.0 = Debug|Any CPU
		{7A8BEFFA-75A1-45C3-B3A4-7262B80BB9CA}.Release|Any CPU.ActiveCfg = Release|Any CPU
		{7A8BEFFA-75A1-45C3-B3A4-7262B80BB9CA}.Release|Any CPU.Build.0 = Release|Any CPU
	EndGlobalSection
	GlobalSection(SolutionProperties) = preSolution
		HideSolutionNode = FALSE
	EndGlobalSection
EndGlobal
